dependencies:
  espressif/led_strip:
    component_hash: 28621486f77229aaf81c71f5e15d6fbf36c2949cf11094e07090593e659e7639
    dependencies:
    - name: idf
      require: private
      version: '>=5.0'
    source:
      registry_url: https://components.espressif.com/
      type: service
    version: 3.0.3
  espressif/mdns:
    component_hash: b5b30022c46302eab89c1d2e3b6fb5918a627563a7462f0ee284b22b9a934967
    dependencies:
    - name: idf
      require: private
      version: '>=5.0'
    source:
      registry_url: https://components.espressif.com/
      type: service
    version: 1.14.0
  espressif/usb:
    component_hash: 99eee72ea224d9117d4c342442717a1f20bf8112e2ab5d7d7038b827874f4c92
    dependencies:
    - name: idf
      require: private
      version: '>=5.5.3'
    source:
      registry_url: https://components.espressif.com
      type: service
    targets:
    - esp32s2
    - esp32s3
    - esp32s31
    - esp32p4
    - esp32h4
    - linux
    version: 1.6.0
  espressif/usb_host_cdc_acm:
    component_hash: 5bc1372b46de79ccae1dd17de48e30dfa1e8ab75269c2ebf54da01370f9e42fb
    dependencies:
    - name: idf
      require: private
      version: '>=5.0'
    - name: espressif/usb
      registry_url: https://components.espressif.com
      require: public
      rules:
      - if: idf_version >=6.0
      - if: target not in ["linux"]
      version: ^1.0.0
    source:
      registry_url: https://components.espressif.com/
      type: service
    targets:
    - esp32s2
    - esp32s3
    - esp32p4
    - esp32h4
    - esp32s31
    - linux
    version: 2.4.1
  idf:
    source:
      type: idf
    version: 6.0.3
  joltwallet/littlefs:
    component_hash: 3af20a3d75c49db9dc2286fd50862c34055c9f578419ad1f2bf7ed3ed01391fe
    dependencies:
    - name: idf
      require: private
      version: '>=5.0'
    source:
      registry_url: https://components.espressif.com/
      type: service
    version: 1.22.3
direct_dependencies:
- espressif/led_strip
- espressif/mdns
- espressif/usb_host_cdc_acm
- joltwallet/littlefs
manifest_hash: 068065283f26025a661c76a5212b2b9d892be0ec992db5d476967faf68766f20
target: esp32s3
version: 3.0.0
